// !$*UTF8*$!
{
	archiveVersion = 1;
	classes = {
	};
	objectVersion = 50;
	objects = {

/* Begin PBXBuildFile section */
		4FD745D040098BA7C0D4547B /* Pods_excel_example.framework in Frameworks */ = {isa = PBXBuildFile; fileRef = 5CFA348D9E653E1251AC407C /* Pods_excel_example.framework */; };
		55B3754D20C124B700779B99 /* AppDelegate.swift in Sources */ = {isa = PBXBuildFile; fileRef = 55B3754C20C124B700779B99 /* AppDelegate.swift */; };
		55B3754F20C124B700779B99 /* ViewController.swift in Sources */ = {isa = PBXBuildFile; fileRef = 55B3754E20C124B700779B99 /* ViewController.swift */; };
		55B3755220C124B700779B99 /* Main.storyboard in Resources */ = {isa = PBXBuildFile; fileRef = 55B3755020C124B700779B99 /* Main.storyboard */; };
		55B3755420C124B800779B99 /* Assets.xcassets in Resources */ = {isa = PBXBuildFile; fileRef = 55B3755320C124B800779B99 /* Assets.xcassets */; };
		55B3755720C124B800779B99 /* LaunchScreen.storyboard in Resources */ = {isa = PBXBuildFile; fileRef = 55B3755520C124B800779B99 /* LaunchScreen.storyboard */; };
		55B3756220C124B800779B99 /* excel_exampleUITests.swift in Sources */ = {isa = PBXBuildFile; fileRef = 55B3756120C124B800779B99 /* excel_exampleUITests.swift */; };
/* End PBXBuildFile section */

/* Begin PBXContainerItemProxy section */
		55B3755E20C124B800779B99 /* PBXContainerItemProxy */ = {
			isa = PBXContainerItemProxy;
			containerPortal = 55B3754120C124B700779B99 /* Project object */;
			proxyType = 1;
			remoteGlobalIDString = 55B3754820C124B700779B99;
			remoteInfo = "excel-example";
		};
/* End PBXContainerItemProxy section */

/* Begin PBXFileReference section */
		4EF58C95D9FC0716E065BDBD /* Pods-excel-example.release.xcconfig */ = {isa = PBXFileReference; includeInIndex = 1; lastKnownFileType = text.xcconfig; name = "Pods-excel-example.release.xcconfig"; path = "Pods/Target Support Files/Pods-excel-example/Pods-excel-example.release.xcconfig"; sourceTree = "<group>"; };
		55B3754920C124B700779B99 /* excel-example.app */ = {isa = PBXFileReference; explicitFileType = wrapper.application; includeInIndex = 0; path = "excel-example.app"; sourceTree = BUILT_PRODUCTS_DIR; };
		55B3754C20C124B700779B99 /* AppDelegate.swift */ = {isa = PBXFileReference; lastKnownFileType = sourcecode.swift; path = AppDelegate.swift; sourceTree = "<group>"; };
		55B3754E20C124B700779B99 /* ViewController.swift */ = {isa = PBXFileReference; lastKnownFileType = sourcecode.swift; path = ViewController.swift; sourceTree = "<group>"; };
		55B3755120C124B700779B99 /* Base */ = {isa = PBXFileReference; lastKnownFileType = file.storyboard; name = Base; path = Base.lproj/Main.storyboard; sourceTree = "<group>"; };
		55B3755320C124B800779B99 /* Assets.xcassets */ = {isa = PBXFileReference; lastKnownFileType = folder.assetcatalog; path = Assets.xcassets; sourceTree = "<group>"; };
		55B3755620C124B800779B99 /* Base */ = {isa = PBXFileReference; lastKnownFileType = file.storyboard; name = Base; path = Base.lproj/LaunchScreen.storyboard; sourceTree = "<group>"; };
		55B3755820C124B800779B99 /* Info.plist */ = {isa = PBXFileReference; lastKnownFileType = text.plist.xml; path = Info.plist; sourceTree = "<group>"; };
		55B3755D20C124B800779B99 /* excel-exampleUITests.xctest */ = {isa = PBXFileReference; explicitFileType = wrapper.cfbundle; includeInIndex = 0; path = "excel-exampleUITests.xctest"; sourceTree = BUILT_PRODUCTS_DIR; };
		55B3756120C124B800779B99 /* excel_exampleUITests.swift */ = {isa = PBXFileReference; lastKnownFileType = sourcecode.swift; path = excel_exampleUITests.swift; sourceTree = "<group>"; };
		55B3756320C124B800779B99 /* Info.plist */ = {isa = PBXFileReference; lastKnownFileType = text.plist.xml; path = Info.plist; sourceTree = "<group>"; };
		55B3756C20C124F800779B99 /* excel-example-Bridging-Header.h */ = {isa = PBXFileReference; lastKnownFileType = sourcecode.c.h; path = "excel-example-Bridging-Header.h"; sourceTree = "<group>"; };
		5CFA348D9E653E1251AC407C /* Pods_excel_example.framework */ = {isa = PBXFileReference; explicitFileType = wrapper.framework; includeInIndex = 0; path = Pods_excel_example.framework; sourceTree = BUILT_PRODUCTS_DIR; };
		92D1105B5A2940E1AF580B0E /* Pods-excel-example.debug.xcconfig */ = {isa = PBXFileReference; includeInIndex = 1; lastKnownFileType = text.xcconfig; name = "Pods-excel-example.debug.xcconfig"; path = "Pods/Target Support Files/Pods-excel-example/Pods-excel-example.debug.xcconfig"; sourceTree = "<group>"; };
/* End PBXFileReference section */

/* Begin PBXFrameworksBuildPhase section */
		55B3754620C124B700779B99 /* Frameworks */ = {
			isa = PBXFrameworksBuildPhase;
			buildActionMask = 2147483647;
			files = (
				4FD745D040098BA7C0D4547B /* Pods_excel_example.framework in Frameworks */,
			);
			runOnlyForDeploymentPostprocessing = 0;
		};
		55B3755A20C124B800779B99 /* Frameworks */ = {
			isa = PBXFrameworksBuildPhase;
			buildActionMask = 2147483647;
			files = (
			);
			runOnlyForDeploymentPostprocessing = 0;
		};
/* End PBXFrameworksBuildPhase section */

/* Begin PBXGroup section */
		55B3754020C124B700779B99 = {
			isa = PBXGroup;
			children = (
				55B3754B20C124B700779B99 /* excel-example */,
				55B3756020C124B800779B99 /* excel-exampleUITests */,
				55B3754A20C124B700779B99 /* Products */,
				924A34C511101D46EC10F59E /* Pods */,
				AC0169E2CB2299700E7E8CF8 /* Frameworks */,
			);
			sourceTree = "<group>";
		};
		55B3754A20C124B700779B99 /* Products */ = {
			isa = PBXGroup;
			children = (
				55B3754920C124B700779B99 /* excel-example.app */,
				55B3755D20C124B800779B99 /* excel-exampleUITests.xctest */,
			);
			name = Products;
			sourceTree = "<group>";
		};
		55B3754B20C124B700779B99 /* excel-example */ = {
			isa = PBXGroup;
			children = (
				55B3754C20C124B700779B99 /* AppDelegate.swift */,
				55B3754E20C124B700779B99 /* ViewController.swift */,
				55B3755020C124B700779B99 /* Main.storyboard */,
				55B3755320C124B800779B99 /* Assets.xcassets */,
				55B3755520C124B800779B99 /* LaunchScreen.storyboard */,
				55B3755820C124B800779B99 /* Info.plist */,
				55B3756C20C124F800779B99 /* excel-example-Bridging-Header.h */,
			);
			path = "excel-example";
			sourceTree = "<group>";
		};
		55B3756020C124B800779B99 /* excel-exampleUITests */ = {
			isa = PBXGroup;
			children = (
				55B3756120C124B800779B99 /* excel_exampleUITests.swift */,
				55B3756320C124B800779B99 /* Info.plist */,
			);
			path = "excel-exampleUITests";
			sourceTree = "<group>";
		};
		924A34C511101D46EC10F59E /* Pods */ = {
			isa = PBXGroup;
			children = (
				92D1105B5A2940E1AF580B0E /* Pods-excel-example.debug.xcconfig */,
				4EF58C95D9FC0716E065BDBD /* Pods-excel-example.release.xcconfig */,
			);
			name = Pods;
			sourceTree = "<group>";
		};
		AC0169E2CB2299700E7E8CF8 /* Frameworks */ = {
			isa = PBXGroup;
			children = (
				5CFA348D9E653E1251AC407C /* Pods_excel_example.framework */,
			);
			name = Frameworks;
			sourceTree = "<group>";
		};
/* End PBXGroup section */

/* Begin PBXNativeTarget section */
		55B3754820C124B700779B99 /* excel-example */ = {
			isa = PBXNativeTarget;
			buildConfigurationList = 55B3756620C124B800779B99 /* Build configuration list for PBXNativeTarget "excel-example" */;
			buildPhases = (
				6F30E6DEDAA9D0793555D121 /* [CP] Check Pods Manifest.lock */,
				55B3754520C124B700779B99 /* Sources */,
				55B3754620C124B700779B99 /* Frameworks */,
				55B3754720C124B700779B99 /* Resources */,
				981E9D1B1651313DCBBE1D94 /* [CP] Embed Pods Frameworks */,
			);
			buildRules = (
			);
			dependencies = (
			);
			name = "excel-example";
			productName = "excel-example";
			productReference = 55B3754920C124B700779B99 /* excel-example.app */;
			productType = "com.apple.product-type.application";
		};
		55B3755C20C124B800779B99 /* excel-exampleUITests */ = {
			isa = PBXNativeTarget;
			buildConfigurationList = 55B3756920C124B800779B99 /* Build configuration list for PBXNativeTarget "excel-exampleUITests" */;
			buildPhases = (
				55B3755920C124B800779B99 /* Sources */,
				55B3755A20C124B800779B99 /* Frameworks */,
				55B3755B20C124B800779B99 /* Resources */,
			);
			buildRules = (
			);
			dependencies = (
				55B3755F20C124B800779B99 /* PBXTargetDependency */,
			);
			name = "excel-exampleUITests";
			productName = "excel-exampleUITests";
			productReference = 55B3755D20C124B800779B99 /* excel-exampleUITests.xctest */;
			productType = "com.apple.product-type.bundle.ui-testing";
		};
/* End PBXNativeTarget section */

/* Begin PBXProject section */
		55B3754120C124B700779B99 /* Project object */ = {
			isa = PBXProject;
			attributes = {
				LastSwiftUpdateCheck = 0940;
				LastUpgradeCheck = 0940;
				ORGANIZATIONNAME = GwakDoyoung;
				TargetAttributes = {
					55B3754820C124B700779B99 = {
						CreatedOnToolsVersion = 9.4;
						LastSwiftMigration = 0940;
					};
					55B3755C20C124B800779B99 = {
						CreatedOnToolsVersion = 9.4;
						TestTargetID = 55B3754820C124B700779B99;
					};
				};
			};
			buildConfigurationList = 55B3754420C124B700779B99 /* Build configuration list for PBXProject "excel-example" */;
			compatibilityVersion = "Xcode 9.3";
			developmentRegion = en;
			hasScannedForEncodings = 0;
			knownRegions = (
				en,
				Base,
			);
			mainGroup = 55B3754020C124B700779B99;
			productRefGroup = 55B3754A20C124B700779B99 /* Products */;
			projectDirPath = "";
			projectRoot = "";
			targets = (
				55B3754820C124B700779B99 /* excel-example */,
				55B3755C20C124B800779B99 /* excel-exampleUITests */,
			);
		};
/* End PBXProject section */

/* Begin PBXResourcesBuildPhase section */
		55B3754720C124B700779B99 /* Resources */ = {
			isa = PBXResourcesBuildPhase;
			buildActionMask = 2147483647;
			files = (
				55B3755720C124B800779B99 /* LaunchScreen.storyboard in Resources */,
				55B3755420C124B800779B99 /* Assets.xcassets in Resources */,
				55B3755220C124B700779B99 /* Main.storyboard in Resources */,
			);
			runOnlyForDeploymentPostprocessing = 0;
		};
		55B3755B20C124B800779B99 /* Resources */ = {
			isa = PBXResourcesBuildPhase;
			buildActionMask = 2147483647;
			files = (
			);
			runOnlyForDeploymentPostprocessing = 0;
		};
/* End PBXResourcesBuildPhase section */

/* Begin PBXShellScriptBuildPhase section */
		6F30E6DEDAA9D0793555D121 /* [CP] Check Pods Manifest.lock */ = {
			isa = PBXShellScriptBuildPhase;
			buildActionMask = 2147483647;
			files = (
			);
			inputPaths = (
				"${PODS_PODFILE_DIR_PATH}/Podfile.lock",
				"${PODS_ROOT}/Manifest.lock",
			);
			name = "[CP] Check Pods Manifest.lock";
			outputPaths = (
				"$(DERIVED_FILE_DIR)/Pods-excel-example-checkManifestLockResult.txt",
			);
			runOnlyForDeploymentPostprocessing = 0;
			shellPath = /bin/sh;
			shellScript = "diff \"${PODS_PODFILE_DIR_PATH}/Podfile.lock\" \"${PODS_ROOT}/Manifest.lock\" > /dev/null\nif [ $? != 0 ] ; then\n    # print error to STDERR\n    echo \"error: The sandbox is not in sync with the Podfile.lock. Run 'pod install' or update your CocoaPods installation.\" >&2\n    exit 1\nfi\n# This output is used by Xcode 'outputs' to avoid re-running this script phase.\necho \"SUCCESS\" > \"${SCRIPT_OUTPUT_FILE_0}\"\n";
			showEnvVarsInLog = 0;
		};
		981E9D1B1651313DCBBE1D94 /* [CP] Embed Pods Frameworks */ = {
			isa = PBXShellScriptBuildPhase;
			buildActionMask = 2147483647;
			files = (
			);
			inputPaths = (
				"${SRCROOT}/Pods/Target Support Files/Pods-excel-example/Pods-excel-example-frameworks.sh",
				"${BUILT_PRODUCTS_DIR}/libxlsxwriter/xlsxwriter.framework",
			);
			name = "[CP] Embed Pods Frameworks";
			outputPaths = (
				"${TARGET_BUILD_DIR}/${FRAMEWORKS_FOLDER_PATH}/xlsxwriter.framework",
			);
			runOnlyForDeploymentPostprocessing = 0;
			shellPath = /bin/sh;
			shellScript = "\"${SRCROOT}/Pods/Target Support Files/Pods-excel-example/Pods-excel-example-frameworks.sh\"\n";
			showEnvVarsInLog = 0;
		};
/* End PBXShellScriptBuildPhase section */

/* Begin PBXSourcesBuildPhase section */
		55B3754520C124B700779B99 /* Sources */ = {
			isa = PBXSourcesBuildPhase;
			buildActionMask = 2147483647;
			files = (
				55B3754F20C124B700779B99 /* ViewController.swift in Sources */,
				55B3754D20C124B700779B99 /* AppDelegate.swift in Sources */,
			);
			runOnlyForDeploymentPostprocessing = 0;
		};
		55B3755920C124B800779B99 /* Sources */ = {
			isa = PBXSourcesBuildPhase;
			buildActionMask = 2147483647;
			files = (
				55B3756220C124B800779B99 /* excel_exampleUITests.swift in Sources */,
			);
			runOnlyForDeploymentPostprocessing = 0;
		};
/* End PBXSourcesBuildPhase section */

/* Begin PBXTargetDependency section */
		55B3755F20C124B800779B99 /* PBXTargetDependency */ = {
			isa = PBXTargetDependency;
			target = 55B3754820C124B700779B99 /* excel-example */;
			targetProxy = 55B3755E20C124B800779B99 /* PBXContainerItemProxy */;
		};
/* End PBXTargetDependency section */

/* Begin PBXVariantGroup section */
		55B3755020C124B700779B99 /* Main.storyboard */ = {
			isa = PBXVariantGroup;
			children = (
				55B3755120C124B700779B99 /* Base */,
			);
			name = Main.storyboard;
			sourceTree = "<group>";
		};
		55B3755520C124B800779B99 /* LaunchScreen.storyboard */ = {
			isa = PBXVariantGroup;
			children = (
				55B3755620C124B800779B99 /* Base */,
			);
			name = LaunchScreen.storyboard;
			sourceTree = "<group>";
		};
/* End PBXVariantGroup section */

/* Begin XCBuildConfiguration section */
		55B3756420C124B800779B99 /* Debug */ = {
			isa = XCBuildConfiguration;
			buildSettings = {
				ALWAYS_SEARCH_USER_PATHS = NO;
				CLANG_ANALYZER_NONNULL = YES;
				CLANG_ANALYZER_NUMBER_OBJECT_CONVERSION = YES_AGGRESSIVE;
				CLANG_CXX_LANGUAGE_STANDARD = "gnu++14";
				CLANG_CXX_LIBRARY = "libc++";
				CLANG_ENABLE_MODULES = YES;
				CLANG_ENABLE_OBJC_ARC = YES;
				CLANG_ENABLE_OBJC_WEAK = YES;
				CLANG_WARN_BLOCK_CAPTURE_AUTORELEASING = YES;
				CLANG_WARN_BOOL_CONVERSION = YES;
				CLANG_WARN_COMMA = YES;
				CLANG_WARN_CONSTANT_CONVERSION = YES;
				CLANG_WARN_DEPRECATED_OBJC_IMPLEMENTATIONS = YES;
				CLANG_WARN_DIRECT_OBJC_ISA_USAGE = YES_ERROR;
				CLANG_WARN_DOCUMENTATION_COMMENTS = YES;
				CLANG_WARN_EMPTY_BODY = YES;
				CLANG_WARN_ENUM_CONVERSION = YES;
				CLANG_WARN_INFINITE_RECURSION = YES;
				CLANG_WARN_INT_CONVERSION = YES;
				CLANG_WARN_NON_LITERAL_NULL_CONVERSION = YES;
				CLANG_WARN_OBJC_IMPLICIT_RETAIN_SELF = YES;
				CLANG_WARN_OBJC_LITERAL_CONVERSION = YES;
				CLANG_WARN_OBJC_ROOT_CLASS = YES_ERROR;
				CLANG_WARN_RANGE_LOOP_ANALYSIS = YES;
				CLANG_WARN_STRICT_PROTOTYPES = YES;
				CLANG_WARN_SUSPICIOUS_MOVE = YES;
				CLANG_WARN_UNGUARDED_AVAILABILITY = YES_AGGRESSIVE;
				CLANG_WARN_UNREACHABLE_CODE = YES;
				CLANG_WARN__DUPLICATE_METHOD_MATCH = YES;
				CODE_SIGN_IDENTITY = "iPhone Developer";
				COPY_PHASE_STRIP = NO;
				DEBUG_INFORMATION_FORMAT = dwarf;
				ENABLE_STRICT_OBJC_MSGSEND = YES;
				ENABLE_TESTABILITY = YES;
				GCC_C_LANGUAGE_STANDARD = gnu11;
				GCC_DYNAMIC_NO_PIC = NO;
				GCC_NO_COMMON_BLOCKS = YES;
				GCC_OPTIMIZATION_LEVEL = 0;
				GCC_PREPROCESSOR_DEFINITIONS = (
					"DEBUG=1",
					"$(inherited)",
				);
				GCC_WARN_64_TO_32_BIT_CONVERSION = YES;
				GCC_WARN_ABOUT_RETURN_TYPE = YES_ERROR;
				GCC_WARN_UNDECLARED_SELECTOR = YES;
				GCC_WARN_UNINITIALIZED_AUTOS = YES_AGGRESSIVE;
				GCC_WARN_UNUSED_FUNCTION = YES;
				GCC_WARN_UNUSED_VARIABLE = YES;
				IPHONEOS_DEPLOYMENT_TARGET = 11.4;
				MTL_ENABLE_DEBUG_INFO = YES;
				ONLY_ACTIVE_ARCH = YES;
				SDKROOT = iphoneos;
				SWIFT_ACTIVE_COMPILATION_CONDITIONS = DEBUG;
				SWIFT_OPTIMIZATION_LEVEL = "-Onone";
			};
			name = Debug;
		};
		55B3756520C124B800779B99 /* Release */ = {
			isa = XCBuildConfiguration;
			buildSettings = {
				ALWAYS_SEARCH_USER_PATHS = NO;
				CLANG_ANALYZER_NONNULL = YES;
				CLANG_ANALYZER_NUMBER_OBJECT_CONVERSION = YES_AGGRESSIVE;
				CLANG_CXX_LANGUAGE_STANDARD = "gnu++14";
				CLANG_CXX_LIBRARY = "libc++";
				CLANG_ENABLE_MODULES = YES;
				CLANG_ENABLE_OBJC_ARC = YES;
				CLANG_ENABLE_OBJC_WEAK = YES;
				CLANG_WARN_BLOCK_CAPTURE_AUTORELEASING = YES;
				CLANG_WARN_BOOL_CONVERSION = YES;
				CLANG_WARN_COMMA = YES;
				CLANG_WARN_CONSTANT_CONVERSION = YES;
				CLANG_WARN_DEPRECATED_OBJC_IMPLEMENTATIONS = YES;
				CLANG_WARN_DIRECT_OBJC_ISA_USAGE = YES_ERROR;
				CLANG_WARN_DOCUMENTATION_COMMENTS = YES;
				CLANG_WARN_EMPTY_BODY = YES;
				CLANG_WARN_ENUM_CONVERSION = YES;
				CLANG_WARN_INFINITE_RECURSION = YES;
				CLANG_WARN_INT_CONVERSION = YES;
				CLANG_WARN_NON_LITERAL_NULL_CONVERSION = YES;
				CLANG_WARN_OBJC_IMPLICIT_RETAIN_SELF = YES;
				CLANG_WARN_OBJC_LITERAL_CONVERSION = YES;
				CLANG_WARN_OBJC_ROOT_CLASS = YES_ERROR;
				CLANG_WARN_RANGE_LOOP_ANALYSIS = YES;
				CLANG_WARN_STRICT_PROTOTYPES = YES;
				CLANG_WARN_SUSPICIOUS_MOVE = YES;
				CLANG_WARN_UNGUARDED_AVAILABILITY = YES_AGGRESSIVE;
				CLANG_WARN_UNREACHABLE_CODE = YES;
				CLANG_WARN__DUPLICATE_METHOD_MATCH = YES;
				CODE_SIGN_IDENTITY = "iPhone Developer";
				COPY_PHASE_STRIP = NO;
				DEBUG_INFORMATION_FORMAT = "dwarf-with-dsym";
				ENABLE_NS_ASSERTIONS = NO;
				ENABLE_STRICT_OBJC_MSGSEND = YES;
				GCC_C_LANGUAGE_STANDARD = gnu11;
				GCC_NO_COMMON_BLOCKS = YES;
				GCC_WARN_64_TO_32_BIT_CONVERSION = YES;
				GCC_WARN_ABOUT_RETURN_TYPE = YES_ERROR;
				GCC_WARN_UNDECLARED_SELECTOR = YES;
				GCC_WARN_UNINITIALIZED_AUTOS = YES_AGGRESSIVE;
				GCC_WARN_UNUSED_FUNCTION = YES;
				GCC_WARN_UNUSED_VARIABLE = YES;
				IPHONEOS_DEPLOYMENT_TARGET = 11.4;
				MTL_ENABLE_DEBUG_INFO = NO;
				SDKROOT = iphoneos;
				SWIFT_COMPILATION_MODE = wholemodule;
				SWIFT_OPTIMIZATION_LEVEL = "-O";
				VALIDATE_PRODUCT = YES;
			};
			name = Release;
		};
		55B3756720C124B800779B99 /* Debug */ = {
			isa = XCBuildConfiguration;
			baseConfigurationReference = 92D1105B5A2940E1AF580B0E /* Pods-excel-example.debug.xcconfig */;
			buildSettings = {
				ASSETCATALOG_COMPILER_APPICON_NAME = AppIcon;
				CLANG_ENABLE_MODULES = YES;
				CODE_SIGN_STYLE = Automatic;
				DEVELOPMENT_TEAM = 5WXJ4Z4H69;
				INFOPLIST_FILE = "excel-example/Info.plist";
				LD_RUNPATH_SEARCH_PATHS = (
					"$(inherited)",
					"@executable_path/Frameworks",
				);
				PRODUCT_BUNDLE_IDENTIFIER = "com.tucan9389.excel-example";
				PRODUCT_NAME = "$(TARGET_NAME)";
				SWIFT_OBJC_BRIDGING_HEADER = "excel-example/excel-example-Bridging-Header.h";
				SWIFT_OPTIMIZATION_LEVEL = "-Onone";
				SWIFT_VERSION = 4.0;
				TARGETED_DEVICE_FAMILY = "1,2";
				USER_HEADER_SEARCH_PATHS = "Pods/**";
			};
			name = Debug;
		};
		55B3756820C124B800779B99 /* Release */ = {
			isa = XCBuildConfiguration;
			baseConfigurationReference = 4EF58C95D9FC0716E065BDBD /* Pods-excel-example.release.xcconfig */;
			buildSettings = {
				ASSETCATALOG_COMPILER_APPICON_NAME = AppIcon;
				CLANG_ENABLE_MODULES = YES;
				CODE_SIGN_STYLE = Automatic;
				DEVELOPMENT_TEAM = 5WXJ4Z4H69;
				INFOPLIST_FILE = "excel-example/Info.plist";
				LD_RUNPATH_SEARCH_PATHS = (
					"$(inherited)",
					"@executable_path/Frameworks",
				);
				PRODUCT_BUNDLE_IDENTIFIER = "com.tucan9389.excel-example";
				PRODUCT_NAME = "$(TARGET_NAME)";
				SWIFT_OBJC_BRIDGING_HEADER = "excel-example/excel-example-Bridging-Header.h";
				SWIFT_VERSION = 4.0;
				TARGETED_DEVICE_FAMILY = "1,2";
				USER_HEADER_SEARCH_PATHS = "Pods/**";
			};
			name = Release;
		};
		55B3756A20C124B800779B99 /* Debug */ = {
			isa = XCBuildConfiguration;
			buildSettings = {
				ALWAYS_EMBED_SWIFT_STANDARD_LIBRARIES = YES;
				CODE_SIGN_STYLE = Automatic;
				DEVELOPMENT_TEAM = 5WXJ4Z4H69;
				INFOPLIST_FILE = "excel-exampleUITests/Info.plist";
				LD_RUNPATH_SEARCH_PATHS = (
					"$(inherited)",
					"@executable_path/Frameworks",
					"@loader_path/Frameworks",
				);
				PRODUCT_BUNDLE_IDENTIFIER = "com.tucan9389.excel-exampleUITests";
				PRODUCT_NAME = "$(TARGET_NAME)";
				SWIFT_VERSION = 4.0;
				TARGETED_DEVICE_FAMILY = "1,2";
				TEST_TARGET_NAME = "excel-example";
			};
			name = Debug;
		};
		55B3756B20C124B800779B99 /* Release */ = {
			isa = XCBuildConfiguration;
			buildSettings = {
				ALWAYS_EMBED_SWIFT_STANDARD_LIBRARIES = YES;
				CODE_SIGN_STYLE = Automatic;
				DEVELOPMENT_TEAM = 5WXJ4Z4H69;
				INFOPLIST_FILE = "excel-exampleUITests/Info.plist";
				LD_RUNPATH_SEARCH_PATHS = (
					"$(inherited)",
					"@executable_path/Frameworks",
					"@loader_path/Frameworks",
				);
				PRODUCT_BUNDLE_IDENTIFIER = "com.tucan9389.excel-exampleUITests";
				PRODUCT_NAME = "$(TARGET_NAME)";
				SWIFT_VERSION = 4.0;
				TARGETED_DEVICE_FAMILY = "1,2";
				TEST_TARGET_NAME = "excel-example";
			};
			name = Release;
		};
/* End XCBuildConfiguration section */

/* Begin XCConfigurationList section */
		55B3754420C124B700779B99 /* Build configuration list for PBXProject "excel-example" */ = {
			isa = XCConfigurationList;
			buildConfigurations = (
				55B3756420C124B800779B99 /* Debug */,
				55B3756520C124B800779B99 /* Release */,
			);
			defaultConfigurationIsVisible = 0;
			defaultConfigurationName = Release;
		};
		55B3756620C124B800779B99 /* Build configuration list for PBXNativeTarget "excel-example" */ = {
			isa = XCConfigurationList;
			buildConfigurations = (
				55B3756720C124B800779B99 /* Debug */,
				55B3756820C124B800779B99 /* Release */,
			);
			defaultConfigurationIsVisible = 0;
			defaultConfigurationName = Release;
		};
		55B3756920C124B800779B99 /* Build configuration list for PBXNativeTarget "excel-exampleUITests" */ = {
			isa = XCConfigurationList;
			buildConfigurations = (
				55B3756A20C124B800779B99 /* Debug */,
				55B3756B20C124B800779B99 /* Release */,
			);
			defaultConfigurationIsVisible = 0;
			defaultConfigurationName = Release;
		};
/* End XCConfigurationList section */
	};
	rootObject = 55B3754120C124B700779B99 /* Project object */;
}
